
Microsoft Visual Studio Solution File, Format Version 12.00
# Visual Studio Version 17
VisualStudioVersion = 17.8.34525.116
MinimumVisualStudioVersion = 10.0.40219.1
Project("{FAE04EC0-301F-11D3-BF4B-00C04F79EFBC}") = "SayHi", "SayHi\SayHi.csproj", "{2B55BEA9-CC4C-41F1-BC1A-9FD4018518B4}"
EndProject
Global
	GlobalSection(SolutionConfigurationPlatforms) = preSolution
		Debug|Any CPU = Debug|Any CPU
		Release|Any CPU = Release|Any CPU
	EndGlobalSection
	GlobalSection(ProjectConfigurationPlatforms) = postSolution
		{2B55BEA9-CC4C-41F1-BC1A-9FD4018518B4}.Debug|Any CPU.ActiveCfg = Debug|Any CPU
		{2B55BEA9-CC4C-41F1-BC1A-9FD4018518B4}.Debug|Any CPU.Build.0 = Debug|Any CPU
		{2B55BEA9-CC4C-41F1-BC1A-9FD4018518B4}.Release|Any CPU.ActiveCfg = Release|Any CPU
		{2B55BEA9-CC4C-41F1-BC1A-9FD4018518B4}.Release|Any CPU.Build.0 = Release|Any CPU
	EndGlobalSection
	GlobalSection(SolutionProperties) = preSolution
		HideSolutionNode = FALSE
	EndGlobalSection
	GlobalSection(ExtensibilityGlobals) = postSolution
		SolutionGuid = {AC3BE63D-FF32-48B8-AFE9-05F70C687FEF}
	EndGlobalSection
EndGlobal
